// !$*UTF8*$!
{
	archiveVersion = 1;
	classes = {
	};
	objectVersion = 50;
	objects = {

/* Begin PBXBuildFile section */
		7B93809A2597082E00694426 /* EmojiArtApp.swift in Sources */ = {isa = PBXBuildFile; fileRef = 7B9380992597082E00694426 /* EmojiArtApp.swift */; };
		7B93809C2597082E00694426 /* EmojiArtDocumentView.swift in Sources */ = {isa = PBXBuildFile; fileRef = 7B93809B2597082E00694426 /* EmojiArtDocumentView.swift */; };
		7B93809E2597083500694426 /* Assets.xcassets in Resources */ = {isa = PBXBuildFile; fileRef = 7B93809D2597083500694426 /* Assets.xcassets */; };
		7B9380A12597083500694426 /* Preview Assets.xcassets in Resources */ = {isa = PBXBuildFile; fileRef = 7B9380A02597083500694426 /* Preview Assets.xcassets */; };
		7B9380AA2597087600694426 /* EmojiArtDocument.swift in Sources */ = {isa = PBXBuildFile; fileRef = 7B9380A92597087600694426 /* EmojiArtDocument.swift */; };
		7B9380AE259D602B00694426 /* EmojiArt.swift in Sources */ = {isa = PBXBuildFile; fileRef = 7B9380AD259D602B00694426 /* EmojiArt.swift */; };
		7B9380B1259D7D5300694426 /* EmojiArtExtensions.swift in Sources */ = {isa = PBXBuildFile; fileRef = 7B9380B0259D7D5300694426 /* EmojiArtExtensions.swift */; };
		7B9380B4259EA4E100694426 /* OptionalImage.swift in Sources */ = {isa = PBXBuildFile; fileRef = 7B9380B3259EA4E100694426 /* OptionalImage.swift */; };
		7B9380B7259EA86D00694426 /* AnimatableSystemFontModifier.swift in Sources */ = {isa = PBXBuildFile; fileRef = 7B9380B6259EA86D00694426 /* AnimatableSystemFontModifier.swift */; };
		7B9380BA259FDCD500694426 /* Spinning.swift in Sources */ = {isa = PBXBuildFile; fileRef = 7B9380B9259FDCD400694426 /* Spinning.swift */; };
		7B9380BD259FE45900694426 /* PaletteChooser.swift in Sources */ = {isa = PBXBuildFile; fileRef = 7B9380BC259FE45900694426 /* PaletteChooser.swift */; };
		7B9380C1259FE9F200694426 /* EmojiArtDocumentPalette.swift in Sources */ = {isa = PBXBuildFile; fileRef = 7B9380C0259FE9F200694426 /* EmojiArtDocumentPalette.swift */; };
		7B9380C525A3DA9500694426 /* Grid.swift in Sources */ = {isa = PBXBuildFile; fileRef = 7B9380C325A3DA9400694426 /* Grid.swift */; };
		7B9380C625A3DA9500694426 /* GridLayout.swift in Sources */ = {isa = PBXBuildFile; fileRef = 7B9380C425A3DA9400694426 /* GridLayout.swift */; };
		7B9380C925A3E2D600694426 /* EmojiArtDocumentStore.swift in Sources */ = {isa = PBXBuildFile; fileRef = 7B9380C825A3E2D500694426 /* EmojiArtDocumentStore.swift */; };
		7B9380CC25A3E4C400694426 /* EmojiArtDocumentChooser.swift in Sources */ = {isa = PBXBuildFile; fileRef = 7B9380CB25A3E4C400694426 /* EmojiArtDocumentChooser.swift */; };
		7B9380CF25A3EEDD00694426 /* EditableText.swift in Sources */ = {isa = PBXBuildFile; fileRef = 7B9380CE25A3EEDD00694426 /* EditableText.swift */; };
/* End PBXBuildFile section */

/* Begin PBXFileReference section */
		7B9380962597082E00694426 /* EmojiArt.app */ = {isa = PBXFileReference; explicitFileType = wrapper.application; includeInIndex = 0; path = EmojiArt.app; sourceTree = BUILT_PRODUCTS_DIR; };
		7B9380992597082E00694426 /* EmojiArtApp.swift */ = {isa = PBXFileReference; lastKnownFileType = sourcecode.swift; path = EmojiArtApp.swift; sourceTree = "<group>"; };
		7B93809B2597082E00694426 /* EmojiArtDocumentView.swift */ = {isa = PBXFileReference; lastKnownFileType = sourcecode.swift; path = EmojiArtDocumentView.swift; sourceTree = "<group>"; };
		7B93809D2597083500694426 /* Assets.xcassets */ = {isa = PBXFileReference; lastKnownFileType = folder.assetcatalog; path = Assets.xcassets; sourceTree = "<group>"; };
		7B9380A02597083500694426 /* Preview Assets.xcassets */ = {isa = PBXFileReference; lastKnownFileType = folder.assetcatalog; path = "Preview Assets.xcassets"; sourceTree = "<group>"; };
		7B9380A22597083500694426 /* Info.plist */ = {isa = PBXFileReference; lastKnownFileType = text.plist.xml; path = Info.plist; sourceTree = "<group>"; };
		7B9380A92597087600694426 /* EmojiArtDocument.swift */ = {isa = PBXFileReference; lastKnownFileType = sourcecode.swift; path = EmojiArtDocument.swift; sourceTree = "<group>"; };
		7B9380AD259D602B00694426 /* EmojiArt.swift */ = {isa = PBXFileReference; lastKnownFileType = sourcecode.swift; path = EmojiArt.swift; sourceTree = "<group>"; };
		7B9380B0259D7D5300694426 /* EmojiArtExtensions.swift */ = {isa = PBXFileReference; fileEncoding = 4; lastKnownFileType = sourcecode.swift; path = EmojiArtExtensions.swift; sourceTree = "<group>"; };
		7B9380B3259EA4E100694426 /* OptionalImage.swift */ = {isa = PBXFileReference; lastKnownFileType = sourcecode.swift; path = OptionalImage.swift; sourceTree = "<group>"; };
		7B9380B6259EA86D00694426 /* AnimatableSystemFontModifier.swift */ = {isa = PBXFileReference; fileEncoding = 4; lastKnownFileType = sourcecode.swift; path = AnimatableSystemFontModifier.swift; sourceTree = "<group>"; };
		7B9380B9259FDCD400694426 /* Spinning.swift */ = {isa = PBXFileReference; lastKnownFileType = sourcecode.swift; path = Spinning.swift; sourceTree = "<group>"; };
		7B9380BC259FE45900694426 /* PaletteChooser.swift */ = {isa = PBXFileReference; lastKnownFileType = sourcecode.swift; path = PaletteChooser.swift; sourceTree = "<group>"; };
		7B9380C0259FE9F200694426 /* EmojiArtDocumentPalette.swift */ = {isa = PBXFileReference; fileEncoding = 4; lastKnownFileType = sourcecode.swift; path = EmojiArtDocumentPalette.swift; sourceTree = "<group>"; };
		7B9380C325A3DA9400694426 /* Grid.swift */ = {isa = PBXFileReference; fileEncoding = 4; lastKnownFileType = sourcecode.swift; path = Grid.swift; sourceTree = "<group>"; };
		7B9380C425A3DA9400694426 /* GridLayout.swift */ = {isa = PBXFileReference; fileEncoding = 4; lastKnownFileType = sourcecode.swift; path = GridLayout.swift; sourceTree = "<group>"; };
		7B9380C825A3E2D500694426 /* EmojiArtDocumentStore.swift */ = {isa = PBXFileReference; fileEncoding = 4; lastKnownFileType = sourcecode.swift; path = EmojiArtDocumentStore.swift; sourceTree = "<group>"; };
		7B9380CB25A3E4C400694426 /* EmojiArtDocumentChooser.swift */ = {isa = PBXFileReference; lastKnownFileType = sourcecode.swift; path = EmojiArtDocumentChooser.swift; sourceTree = "<group>"; };
		7B9380CE25A3EEDD00694426 /* EditableText.swift */ = {isa = PBXFileReference; fileEncoding = 4; lastKnownFileType = sourcecode.swift; path = EditableText.swift; sourceTree = "<group>"; };
/* End PBXFileReference section */

/* Begin PBXFrameworksBuildPhase section */
		7B9380932597082E00694426 /* Frameworks */ = {
			isa = PBXFrameworksBuildPhase;
			buildActionMask = 2147483647;
			files = (
			);
			runOnlyForDeploymentPostprocessing = 0;
		};
/* End PBXFrameworksBuildPhase section */

/* Begin PBXGroup section */
		7B93808D2597082D00694426 = {
			isa = PBXGroup;
			children = (
				7B9380982597082E00694426 /* EmojiArt */,
				7B9380972597082E00694426 /* Products */,
			);
			sourceTree = "<group>";
		};
		7B9380972597082E00694426 /* Products */ = {
			isa = PBXGroup;
			children = (
				7B9380962597082E00694426 /* EmojiArt.app */,
			);
			name = Products;
			sourceTree = "<group>";
		};
		7B9380982597082E00694426 /* EmojiArt */ = {
			isa = PBXGroup;
			children = (
				7B9380992597082E00694426 /* EmojiArtApp.swift */,
				7B9380B6259EA86D00694426 /* AnimatableSystemFontModifier.swift */,
				7B93809B2597082E00694426 /* EmojiArtDocumentView.swift */,
				7B9380B9259FDCD400694426 /* Spinning.swift */,
				7B9380B3259EA4E100694426 /* OptionalImage.swift */,
				7B9380AD259D602B00694426 /* EmojiArt.swift */,
				7B9380A92597087600694426 /* EmojiArtDocument.swift */,
				7B9380C825A3E2D500694426 /* EmojiArtDocumentStore.swift */,
				7B9380CB25A3E4C400694426 /* EmojiArtDocumentChooser.swift */,
				7B9380BC259FE45900694426 /* PaletteChooser.swift */,
				7B9380C0259FE9F200694426 /* EmojiArtDocumentPalette.swift */,
				7B9380B0259D7D5300694426 /* EmojiArtExtensions.swift */,
				7B93809D2597083500694426 /* Assets.xcassets */,
				7B9380CE25A3EEDD00694426 /* EditableText.swift */,
				7B9380C325A3DA9400694426 /* Grid.swift */,
				7B9380C425A3DA9400694426 /* GridLayout.swift */,
				7B9380A22597083500694426 /* Info.plist */,
				7B93809F2597083500694426 /* Preview Content */,
			);
			path = EmojiArt;
			sourceTree = "<group>";
		};
		7B93809F2597083500694426 /* Preview Content */ = {
			isa = PBXGroup;
			children = (
				7B9380A02597083500694426 /* Preview Assets.xcassets */,
			);
			path = "Preview Content";
			sourceTree = "<group>";
		};
/* End PBXGroup section */

/* Begin PBXNativeTarget section */
		7B9380952597082E00694426 /* EmojiArt */ = {
			isa = PBXNativeTarget;
			buildConfigurationList = 7B9380A52597083500694426 /* Build configuration list for PBXNativeTarget "EmojiArt" */;
			buildPhases = (
				7B9380922597082E00694426 /* Sources */,
				7B9380932597082E00694426 /* Frameworks */,
				7B9380942597082E00694426 /* Resources */,
			);
			buildRules = (
			);
			dependencies = (
			);
			name = EmojiArt;
			productName = EmojiArt;
			productReference = 7B9380962597082E00694426 /* EmojiArt.app */;
			productType = "com.apple.product-type.application";
		};
/* End PBXNativeTarget section */

/* Begin PBXProject section */
		7B93808E2597082D00694426 /* Project object */ = {
			isa = PBXProject;
			attributes = {
				LastSwiftUpdateCheck = 1230;
				LastUpgradeCheck = 1230;
				TargetAttributes = {
					7B9380952597082E00694426 = {
						CreatedOnToolsVersion = 12.3;
					};
				};
			};
			buildConfigurationList = 7B9380912597082D00694426 /* Build configuration list for PBXProject "EmojiArt" */;
			compatibilityVersion = "Xcode 9.3";
			developmentRegion = en;
			hasScannedForEncodings = 0;
			knownRegions = (
				en,
				Base,
			);
			mainGroup = 7B93808D2597082D00694426;
			productRefGroup = 7B9380972597082E00694426 /* Products */;
			projectDirPath = "";
			projectRoot = "";
			targets = (
				7B9380952597082E00694426 /* EmojiArt */,
			);
		};
/* End PBXProject section */

/* Begin PBXResourcesBuildPhase section */
		7B9380942597082E00694426 /* Resources */ = {
			isa = PBXResourcesBuildPhase;
			buildActionMask = 2147483647;
			files = (
				7B9380A12597083500694426 /* Preview Assets.xcassets in Resources */,
				7B93809E2597083500694426 /* Assets.xcassets in Resources */,
			);
			runOnlyForDeploymentPostprocessing = 0;
		};
/* End PBXResourcesBuildPhase section */

/* Begin PBXSourcesBuildPhase section */
		7B9380922597082E00694426 /* Sources */ = {
			isa = PBXSourcesBuildPhase;
			buildActionMask = 2147483647;
			files = (
				7B9380B7259EA86D00694426 /* AnimatableSystemFontModifier.swift in Sources */,
				7B9380AE259D602B00694426 /* EmojiArt.swift in Sources */,
				7B9380B1259D7D5300694426 /* EmojiArtExtensions.swift in Sources */,
				7B9380C625A3DA9500694426 /* GridLayout.swift in Sources */,
				7B93809C2597082E00694426 /* EmojiArtDocumentView.swift in Sources */,
				7B9380C525A3DA9500694426 /* Grid.swift in Sources */,
				7B9380B4259EA4E100694426 /* OptionalImage.swift in Sources */,
				7B9380C1259FE9F200694426 /* EmojiArtDocumentPalette.swift in Sources */,
				7B9380AA2597087600694426 /* EmojiArtDocument.swift in Sources */,
				7B9380CC25A3E4C400694426 /* EmojiArtDocumentChooser.swift in Sources */,
				7B9380CF25A3EEDD00694426 /* EditableText.swift in Sources */,
				7B9380C925A3E2D600694426 /* EmojiArtDocumentStore.swift in Sources */,
				7B93809A2597082E00694426 /* EmojiArtApp.swift in Sources */,
				7B9380BA259FDCD500694426 /* Spinning.swift in Sources */,
				7B9380BD259FE45900694426 /* PaletteChooser.swift in Sources */,
			);
			runOnlyForDeploymentPostprocessing = 0;
		};
/* End PBXSourcesBuildPhase section */

/* Begin XCBuildConfiguration section */
		7B9380A32597083500694426 /* Debug */ = {
			isa = XCBuildConfiguration;
			buildSettings = {
				ALWAYS_SEARCH_USER_PATHS = NO;
				CLANG_ANALYZER_NONNULL = YES;
				CLANG_ANALYZER_NUMBER_OBJECT_CONVERSION = YES_AGGRESSIVE;
				CLANG_CXX_LANGUAGE_STANDARD = "gnu++14";
				CLANG_CXX_LIBRARY = "libc++";
				CLANG_ENABLE_MODULES = YES;
				CLANG_ENABLE_OBJC_ARC = YES;
				CLANG_ENABLE_OBJC_WEAK = YES;
				CLANG_WARN_BLOCK_CAPTURE_AUTORELEASING = YES;
				CLANG_WARN_BOOL_CONVERSION = YES;
				CLANG_WARN_COMMA = YES;
				CLANG_WARN_CONSTANT_CONVERSION = YES;
				CLANG_WARN_DEPRECATED_OBJC_IMPLEMENTATIONS = YES;
				CLANG_WARN_DIRECT_OBJC_ISA_USAGE = YES_ERROR;
				CLANG_WARN_DOCUMENTATION_COMMENTS = YES;
				CLANG_WARN_EMPTY_BODY = YES;
				CLANG_WARN_ENUM_CONVERSION = YES;
				CLANG_WARN_INFINITE_RECURSION = YES;
				CLANG_WARN_INT_CONVERSION = YES;
				CLANG_WARN_NON_LITERAL_NULL_CONVERSION = YES;
				CLANG_WARN_OBJC_IMPLICIT_RETAIN_SELF = YES;
				CLANG_WARN_OBJC_LITERAL_CONVERSION = YES;
				CLANG_WARN_OBJC_ROOT_CLASS = YES_ERROR;
				CLANG_WARN_QUOTED_INCLUDE_IN_FRAMEWORK_HEADER = YES;
				CLANG_WARN_RANGE_LOOP_ANALYSIS = YES;
				CLANG_WARN_STRICT_PROTOTYPES = YES;
				CLANG_WARN_SUSPICIOUS_MOVE = YES;
				CLANG_WARN_UNGUARDED_AVAILABILITY = YES_AGGRESSIVE;
				CLANG_WARN_UNREACHABLE_CODE = YES;
				CLANG_WARN__DUPLICATE_METHOD_MATCH = YES;
				COPY_PHASE_STRIP = NO;
				DEBUG_INFORMATION_FORMAT = dwarf;
				ENABLE_STRICT_OBJC_MSGSEND = YES;
				ENABLE_TESTABILITY = YES;
				GCC_C_LANGUAGE_STANDARD = gnu11;
				GCC_DYNAMIC_NO_PIC = NO;
				GCC_NO_COMMON_BLOCKS = YES;
				GCC_OPTIMIZATION_LEVEL = 0;
				GCC_PREPROCESSOR_DEFINITIONS = (
					"DEBUG=1",
					"$(inherited)",
				);
				GCC_WARN_64_TO_32_BIT_CONVERSION = YES;
				GCC_WARN_ABOUT_RETURN_TYPE = YES_ERROR;
				GCC_WARN_UNDECLARED_SELECTOR = YES;
				GCC_WARN_UNINITIALIZED_AUTOS = YES_AGGRESSIVE;
				GCC_WARN_UNUSED_FUNCTION = YES;
				GCC_WARN_UNUSED_VARIABLE = YES;
				IPHONEOS_DEPLOYMENT_TARGET = 14.3;
				MTL_ENABLE_DEBUG_INFO = INCLUDE_SOURCE;
				MTL_FAST_MATH = YES;
				ONLY_ACTIVE_ARCH = YES;
				SDKROOT = iphoneos;
				SWIFT_ACTIVE_COMPILATION_CONDITIONS = DEBUG;
				SWIFT_OPTIMIZATION_LEVEL = "-Onone";
			};
			name = Debug;
		};
		7B9380A42597083500694426 /* Release */ = {
			isa = XCBuildConfiguration;
			buildSettings = {
				ALWAYS_SEARCH_USER_PATHS = NO;
				CLANG_ANALYZER_NONNULL = YES;
				CLANG_ANALYZER_NUMBER_OBJECT_CONVERSION = YES_AGGRESSIVE;
				CLANG_CXX_LANGUAGE_STANDARD = "gnu++14";
				CLANG_CXX_LIBRARY = "libc++";
				CLANG_ENABLE_MODULES = YES;
				CLANG_ENABLE_OBJC_ARC = YES;
				CLANG_ENABLE_OBJC_WEAK = YES;
				CLANG_WARN_BLOCK_CAPTURE_AUTORELEASING = YES;
				CLANG_WARN_BOOL_CONVERSION = YES;
				CLANG_WARN_COMMA = YES;
				CLANG_WARN_CONSTANT_CONVERSION = YES;
				CLANG_WARN_DEPRECATED_OBJC_IMPLEMENTATIONS = YES;
				CLANG_WARN_DIRECT_OBJC_ISA_USAGE = YES_ERROR;
				CLANG_WARN_DOCUMENTATION_COMMENTS = YES;
				CLANG_WARN_EMPTY_BODY = YES;
				CLANG_WARN_ENUM_CONVERSION = YES;
				CLANG_WARN_INFINITE_RECURSION = YES;
				CLANG_WARN_INT_CONVERSION = YES;
				CLANG_WARN_NON_LITERAL_NULL_CONVERSION = YES;
				CLANG_WARN_OBJC_IMPLICIT_RETAIN_SELF = YES;
				CLANG_WARN_OBJC_LITERAL_CONVERSION = YES;
				CLANG_WARN_OBJC_ROOT_CLASS = YES_ERROR;
				CLANG_WARN_QUOTED_INCLUDE_IN_FRAMEWORK_HEADER = YES;
				CLANG_WARN_RANGE_LOOP_ANALYSIS = YES;
				CLANG_WARN_STRICT_PROTOTYPES = YES;
				CLANG_WARN_SUSPICIOUS_MOVE = YES;
				CLANG_WARN_UNGUARDED_AVAILABILITY = YES_AGGRESSIVE;
				CLANG_WARN_UNREACHABLE_CODE = YES;
				CLANG_WARN__DUPLICATE_METHOD_MATCH = YES;
				COPY_PHASE_STRIP = NO;
				DEBUG_INFORMATION_FORMAT = "dwarf-with-dsym";
				ENABLE_NS_ASSERTIONS = NO;
				ENABLE_STRICT_OBJC_MSGSEND = YES;
				GCC_C_LANGUAGE_STANDARD = gnu11;
				GCC_NO_COMMON_BLOCKS = YES;
				GCC_WARN_64_TO_32_BIT_CONVERSION = YES;
				GCC_WARN_ABOUT_RETURN_TYPE = YES_ERROR;
				GCC_WARN_UNDECLARED_SELECTOR = YES;
				GCC_WARN_UNINITIALIZED_AUTOS = YES_AGGRESSIVE;
				GCC_WARN_UNUSED_FUNCTION = YES;
				GCC_WARN_UNUSED_VARIABLE = YES;
				IPHONEOS_DEPLOYMENT_TARGET = 14.3;
				MTL_ENABLE_DEBUG_INFO = NO;
				MTL_FAST_MATH = YES;
				SDKROOT = iphoneos;
				SWIFT_COMPILATION_MODE = wholemodule;
				SWIFT_OPTIMIZATION_LEVEL = "-O";
				VALIDATE_PRODUCT = YES;
			};
			name = Release;
		};
		7B9380A62597083500694426 /* Debug */ = {
			isa = XCBuildConfiguration;
			buildSettings = {
				ASSETCATALOG_COMPILER_APPICON_NAME = AppIcon;
				ASSETCATALOG_COMPILER_GLOBAL_ACCENT_COLOR_NAME = AccentColor;
				CODE_SIGN_STYLE = Automatic;
				DEVELOPMENT_ASSET_PATHS = "\"EmojiArt/Preview Content\"";
				DEVELOPMENT_TEAM = 5TJ75YJKFB;
				ENABLE_PREVIEWS = YES;
				INFOPLIST_FILE = EmojiArt/Info.plist;
				IPHONEOS_DEPLOYMENT_TARGET = 14.0;
				LD_RUNPATH_SEARCH_PATHS = (
					"$(inherited)",
					"@executable_path/Frameworks",
				);
				PRODUCT_BUNDLE_IDENTIFIER = com.tannerquesenberry.EmojiArt;
				PRODUCT_NAME = "$(TARGET_NAME)";
				SWIFT_VERSION = 5.0;
				TARGETED_DEVICE_FAMILY = "1,2";
			};
			name = Debug;
		};
		7B9380A72597083500694426 /* Release */ = {
			isa = XCBuildConfiguration;
			buildSettings = {
				ASSETCATALOG_COMPILER_APPICON_NAME = AppIcon;
				ASSETCATALOG_COMPILER_GLOBAL_ACCENT_COLOR_NAME = AccentColor;
				CODE_SIGN_STYLE = Automatic;
				DEVELOPMENT_ASSET_PATHS = "\"EmojiArt/Preview Content\"";
				DEVELOPMENT_TEAM = 5TJ75YJKFB;
				ENABLE_PREVIEWS = YES;
				INFOPLIST_FILE = EmojiArt/Info.plist;
				IPHONEOS_DEPLOYMENT_TARGET = 14.0;
				LD_RUNPATH_SEARCH_PATHS = (
					"$(inherited)",
					"@executable_path/Frameworks",
				);
				PRODUCT_BUNDLE_IDENTIFIER = com.tannerquesenberry.EmojiArt;
				PRODUCT_NAME = "$(TARGET_NAME)";
				SWIFT_VERSION = 5.0;
				TARGETED_DEVICE_FAMILY = "1,2";
			};
			name = Release;
		};
/* End XCBuildConfiguration section */

/* Begin XCConfigurationList section */
		7B9380912597082D00694426 /* Build configuration list for PBXProject "EmojiArt" */ = {
			isa = XCConfigurationList;
			buildConfigurations = (
				7B9380A32597083500694426 /* Debug */,
				7B9380A42597083500694426 /* Release */,
			);
			defaultConfigurationIsVisible = 0;
			defaultConfigurationName = Release;
		};
		7B9380A52597083500694426 /* Build configuration list for PBXNativeTarget "EmojiArt" */ = {
			isa = XCConfigurationList;
			buildConfigurations = (
				7B9380A62597083500694426 /* Debug */,
				7B9380A72597083500694426 /* Release */,
			);
			defaultConfigurationIsVisible = 0;
			defaultConfigurationName = Release;
		};
/* End XCConfigurationList section */
	};
	rootObject = 7B93808E2597082D00694426 /* Project object */;
}
